
Microsoft Visual Studio Solution File, Format Version 12.00
# Visual Studio Version 17
VisualStudioVersion = 17.7.34024.191
MinimumVisualStudioVersion = 10.0.40219.1
Project("{FAE04EC0-301F-11D3-BF4B-00C04F79EFBC}") = "CRUDExample", "CRUDExample\CRUDExample.csproj", "{F9AB4FEE-2063-45FB-A892-F412AF7649A7}"
EndProject
Project("{FAE04EC0-301F-11D3-BF4B-00C04F79EFBC}") = "CRUDTest", "CRUDTest\CRUDTest.csproj", "{434D332D-A343-4BD4-A251-14D375935ADF}"
EndProject
Project("{FAE04EC0-301F-11D3-BF4B-00C04F79EFBC}") = "Entities", "Entities\Entities.csproj", "{37D04260-E910-4CDB-A779-C2BD0D3A1F2E}"
EndProject
Project("{FAE04EC0-301F-11D3-BF4B-00C04F79EFBC}") = "ServiceContracts", "ServiceContracts\ServiceContracts.csproj", "{7B2D5B66-3E64-496E-AD1B-ED0E60429F34}"
EndProject
Project("{FAE04EC0-301F-11D3-BF4B-00C04F79EFBC}") = "Services", "Services\Services.csproj", "{7ADF9A01-E51F-4958-AC8A-3D28F0ED3985}"
EndProject
Global
	GlobalSection(SolutionConfigurationPlatforms) = preSolution
		Debug|Any CPU = Debug|Any CPU
		Release|Any CPU = Release|Any CPU
	EndGlobalSection
	GlobalSection(ProjectConfigurationPlatforms) = postSolution
		{F9AB4FEE-2063-45FB-A892-F412AF7649A7}.Debug|Any CPU.ActiveCfg = Debug|Any CPU
		{F9AB4FEE-2063-45FB-A892-F412AF7649A7}.Debug|Any CPU.Build.0 = Debug|Any CPU
		{F9AB4FEE-2063-45FB-A892-F412AF7649A7}.Release|Any CPU.ActiveCfg = Release|Any CPU
		{F9AB4FEE-2063-45FB-A892-F412AF7649A7}.Release|Any CPU.Build.0 = Release|Any CPU
		{434D332D-A343-4BD4-A251-14D375935ADF}.Debug|Any CPU.ActiveCfg = Debug|Any CPU
		{434D332D-A343-4BD4-A251-14D375935ADF}.Debug|Any CPU.Build.0 = Debug|Any CPU
		{434D332D-A343-4BD4-A251-14D375935ADF}.Release|Any CPU.ActiveCfg = Release|Any CPU
		{434D332D-A343-4BD4-A251-14D375935ADF}.Release|Any CPU.Build.0 = Release|Any CPU
		{37D04260-E910-4CDB-A779-C2BD0D3A1F2E}.Debug|Any CPU.ActiveCfg = Debug|Any CPU
		{37D04260-E910-4CDB-A779-C2BD0D3A1F2E}.Debug|Any CPU.Build.0 = Debug|Any CPU
		{37D04260-E910-4CDB-A779-C2BD0D3A1F2E}.Release|Any CPU.ActiveCfg = Release|Any CPU
		{37D04260-E910-4CDB-A779-C2BD0D3A1F2E}.Release|Any CPU.Build.0 = Release|Any CPU
		{7B2D5B66-3E64-496E-AD1B-ED0E60429F34}.Debug|Any CPU.ActiveCfg = Debug|Any CPU
		{7B2D5B66-3E64-496E-AD1B-ED0E60429F34}.Debug|Any CPU.Build.0 = Debug|Any CPU
		{7B2D5B66-3E64-496E-AD1B-ED0E60429F34}.Release|Any CPU.ActiveCfg = Release|Any CPU
		{7B2D5B66-3E64-496E-AD1B-ED0E60429F34}.Release|Any CPU.Build.0 = Release|Any CPU
		{7ADF9A01-E51F-4958-AC8A-3D28F0ED3985}.Debug|Any CPU.ActiveCfg = Debug|Any CPU
		{7ADF9A01-E51F-4958-AC8A-3D28F0ED3985}.Debug|Any CPU.Build.0 = Debug|Any CPU
		{7ADF9A01-E51F-4958-AC8A-3D28F0ED3985}.Release|Any CPU.ActiveCfg = Release|Any CPU
		{7ADF9A01-E51F-4958-AC8A-3D28F0ED3985}.Release|Any CPU.Build.0 = Release|Any CPU
	EndGlobalSection
	GlobalSection(SolutionProperties) = preSolution
		HideSolutionNode = FALSE
	EndGlobalSection
	GlobalSection(ExtensibilityGlobals) = postSolution
		SolutionGuid = {398DB061-8052-46C9-8D29-E54DE6C753ED}
	EndGlobalSection
EndGlobal
